
Microsoft Visual Studio Solution File, Format Version 12.00
# Visual Studio Version 17
VisualStudioVersion = 17.9.34622.214
MinimumVisualStudioVersion = 10.0.40219.1
Project("{9A19103F-16F7-4668-BE54-9A1E7A4F7556}") = "RacerBooksAPI", "RacerBooksAPI.csproj", "{3E10BFDA-CBAF-4FD9-9780-FC996557D8C2}"
EndProject
Global
	GlobalSection(SolutionConfigurationPlatforms) = preSolution
		Debug|Any CPU = Debug|Any CPU
		Release|Any CPU = Release|Any CPU
	EndGlobalSection
	GlobalSection(ProjectConfigurationPlatforms) = postSolution
		{3E10BFDA-CBAF-4FD9-9780-FC996557D8C2}.Debug|Any CPU.ActiveCfg = Debug|Any CPU
		{3E10BFDA-CBAF-4FD9-9780-FC996557D8C2}.Debug|Any CPU.Build.0 = Debug|Any CPU
		{3E10BFDA-CBAF-4FD9-9780-FC996557D8C2}.Release|Any CPU.ActiveCfg = Release|Any CPU
		{3E10BFDA-CBAF-4FD9-9780-FC996557D8C2}.Release|Any CPU.Build.0 = Release|Any CPU
	EndGlobalSection
	GlobalSection(SolutionProperties) = preSolution
		HideSolutionNode = FALSE
	EndGlobalSection
	GlobalSection(ExtensibilityGlobals) = postSolution
		SolutionGuid = {1BE0818A-E0AA-404B-8501-EF44D91DC078}
	EndGlobalSection
EndGlobal
